
Microsoft Visual Studio Solution File, Format Version 12.00
# Visual Studio 14
VisualStudioVersion = 14.0.23107.0
MinimumVisualStudioVersion = 10.0.40219.1
Project("{FAE04EC0-301F-11D3-BF4B-00C04F79EFBC}") = "Tests", "Tests\Tests.csproj", "{389D7C53-0972-4C8F-A563-6CCB2816B040}"
	ProjectSection(ProjectDependencies) = postProject
		{28334B2F-C20F-41D0-B768-3D9011C6B413} = {28334B2F-C20F-41D0-B768-3D9011C6B413}
		{460AE439-1BFF-4E83-B699-538866EA00E7} = {460AE439-1BFF-4E83-B699-538866EA00E7}
		{84245648-2156-4522-8D5B-D201B8CC1071} = {84245648-2156-4522-8D5B-D201B8CC1071}
		{BB6FC07A-5F1E-487F-BA5D-8E6CCD925003} = {BB6FC07A-5F1E-487F-BA5D-8E6CCD925003}
		{EC239684-3711-4570-B872-C5FF2138B39B} = {EC239684-3711-4570-B872-C5FF2138B39B}
		{8BA6CFD0-9699-4FFE-A3AE-E9D34132A6FF} = {8BA6CFD0-9699-4FFE-A3AE-E9D34132A6FF}
		{E0259ADB-E8E2-4BC9-87CD-BC6815C9F0B4} = {E0259ADB-E8E2-4BC9-87CD-BC6815C9F0B4}
		{202726E8-3038-47A5-8EA1-2602B1A1A4D4} = {202726E8-3038-47A5-8EA1-2602B1A1A4D4}
		{87DA83EA-C5CC-4ADF-8988-F8B8C475CC63} = {87DA83EA-C5CC-4ADF-8988-F8B8C475CC63}
	EndProjectSection
EndProject
Project("{FAE04EC0-301F-11D3-BF4B-00C04F79EFBC}") = "014 Longest Collatz sequence", "014 Longest Collatz sequence\014 Longest Collatz sequence.csproj", "{17F47C30-6B9A-47D0-B3F3-1C41834BA802}"
EndProject
Project("{FAE04EC0-301F-11D3-BF4B-00C04F79EFBC}") = "015 Lattice Paths", "015 Lattice Paths\015 Lattice Paths.csproj", "{C0AAD7D4-5357-4B27-815C-4D2C170C7289}"
EndProject
Project("{FAE04EC0-301F-11D3-BF4B-00C04F79EFBC}") = "016 Power digit sum", "016 Power digit sum\016 Power digit sum.csproj", "{2022588D-2ECA-4782-B1EB-2EB515BCFAA2}"
	ProjectSection(ProjectDependencies) = postProject
		{E0259ADB-E8E2-4BC9-87CD-BC6815C9F0B4} = {E0259ADB-E8E2-4BC9-87CD-BC6815C9F0B4}
	EndProjectSection
EndProject
Project("{FAE04EC0-301F-11D3-BF4B-00C04F79EFBC}") = "017 Number letter count", "017 Number letter count\017 Number letter count.csproj", "{E85A2A0D-190F-45C3-AE7B-0C69C626D6FB}"
EndProject
Project("{FAE04EC0-301F-11D3-BF4B-00C04F79EFBC}") = "006 Sum square difference", "006 Sum square difference\006 Sum square difference.csproj", "{202726E8-3038-47A5-8EA1-2602B1A1A4D4}"
EndProject
Project("{FAE04EC0-301F-11D3-BF4B-00C04F79EFBC}") = "007 10001st prime", "007 10001st prime\007 10001st prime.csproj", "{EC239684-3711-4570-B872-C5FF2138B39B}"
EndProject
Project("{FAE04EC0-301F-11D3-BF4B-00C04F79EFBC}") = "008 Largest product in a series", "008 Largest product in a series\008 Largest product in a series.csproj", "{460AE439-1BFF-4E83-B699-538866EA00E7}"
EndProject
Project("{FAE04EC0-301F-11D3-BF4B-00C04F79EFBC}") = "009 Special Pythagorean triplet", "009 Special Pythagorean triplet\009 Special Pythagorean triplet.csproj", "{84245648-2156-4522-8D5B-D201B8CC1071}"
EndProject
Project("{FAE04EC0-301F-11D3-BF4B-00C04F79EFBC}") = "010 Summation of primes", "010 Summation of primes\010 Summation of primes.csproj", "{8BA6CFD0-9699-4FFE-A3AE-E9D34132A6FF}"
EndProject
Project("{FAE04EC0-301F-11D3-BF4B-00C04F79EFBC}") = "011 Largest product in a grid", "011 Largest product in a grid\011 Largest product in a grid.csproj", "{BB6FC07A-5F1E-487F-BA5D-8E6CCD925003}"
EndProject
Project("{FAE04EC0-301F-11D3-BF4B-00C04F79EFBC}") = "012 Highly divisible triangular number", "012 Highly divisible triangular number\012 Highly divisible triangular number.csproj", "{87DA83EA-C5CC-4ADF-8988-F8B8C475CC63}"
EndProject
Project("{FAE04EC0-301F-11D3-BF4B-00C04F79EFBC}") = "013 Large Sum", "013 Large Sum\013 Large Sum.csproj", "{E0259ADB-E8E2-4BC9-87CD-BC6815C9F0B4}"
EndProject
Project("{FAE04EC0-301F-11D3-BF4B-00C04F79EFBC}") = "456 Triangles containing the origin II", "456 Triangles containing the origin II\456 Triangles containing the origin II.csproj", "{28334B2F-C20F-41D0-B768-3D9011C6B413}"
EndProject
Global
	GlobalSection(SolutionConfigurationPlatforms) = preSolution
		Debug|Any CPU = Debug|Any CPU
		Release|Any CPU = Release|Any CPU
	EndGlobalSection
	GlobalSection(ProjectConfigurationPlatforms) = postSolution
		{389D7C53-0972-4C8F-A563-6CCB2816B040}.Debug|Any CPU.ActiveCfg = Debug|Any CPU
		{389D7C53-0972-4C8F-A563-6CCB2816B040}.Debug|Any CPU.Build.0 = Debug|Any CPU
		{389D7C53-0972-4C8F-A563-6CCB2816B040}.Release|Any CPU.ActiveCfg = Release|Any CPU
		{389D7C53-0972-4C8F-A563-6CCB2816B040}.Release|Any CPU.Build.0 = Release|Any CPU
		{17F47C30-6B9A-47D0-B3F3-1C41834BA802}.Debug|Any CPU.ActiveCfg = Debug|Any CPU
		{17F47C30-6B9A-47D0-B3F3-1C41834BA802}.Debug|Any CPU.Build.0 = Debug|Any CPU
		{17F47C30-6B9A-47D0-B3F3-1C41834BA802}.Release|Any CPU.ActiveCfg = Release|Any CPU
		{17F47C30-6B9A-47D0-B3F3-1C41834BA802}.Release|Any CPU.Build.0 = Release|Any CPU
		{C0AAD7D4-5357-4B27-815C-4D2C170C7289}.Debug|Any CPU.ActiveCfg = Debug|Any CPU
		{C0AAD7D4-5357-4B27-815C-4D2C170C7289}.Debug|Any CPU.Build.0 = Debug|Any CPU
		{C0AAD7D4-5357-4B27-815C-4D2C170C7289}.Release|Any CPU.ActiveCfg = Release|Any CPU
		{C0AAD7D4-5357-4B27-815C-4D2C170C7289}.Release|Any CPU.Build.0 = Release|Any CPU
		{2022588D-2ECA-4782-B1EB-2EB515BCFAA2}.Debug|Any CPU.ActiveCfg = Debug|Any CPU
		{2022588D-2ECA-4782-B1EB-2EB515BCFAA2}.Debug|Any CPU.Build.0 = Debug|Any CPU
		{2022588D-2ECA-4782-B1EB-2EB515BCFAA2}.Release|Any CPU.ActiveCfg = Release|Any CPU
		{2022588D-2ECA-4782-B1EB-2EB515BCFAA2}.Release|Any CPU.Build.0 = Release|Any CPU
		{E85A2A0D-190F-45C3-AE7B-0C69C626D6FB}.Debug|Any CPU.ActiveCfg = Debug|Any CPU
		{E85A2A0D-190F-45C3-AE7B-0C69C626D6FB}.Debug|Any CPU.Build.0 = Debug|Any CPU
		{E85A2A0D-190F-45C3-AE7B-0C69C626D6FB}.Release|Any CPU.ActiveCfg = Release|Any CPU
		{E85A2A0D-190F-45C3-AE7B-0C69C626D6FB}.Release|Any CPU.Build.0 = Release|Any CPU
		{202726E8-3038-47A5-8EA1-2602B1A1A4D4}.Debug|Any CPU.ActiveCfg = Debug|Any CPU
		{202726E8-3038-47A5-8EA1-2602B1A1A4D4}.Debug|Any CPU.Build.0 = Debug|Any CPU
		{202726E8-3038-47A5-8EA1-2602B1A1A4D4}.Release|Any CPU.ActiveCfg = Release|Any CPU
		{202726E8-3038-47A5-8EA1-2602B1A1A4D4}.Release|Any CPU.Build.0 = Release|Any CPU
		{EC239684-3711-4570-B872-C5FF2138B39B}.Debug|Any CPU.ActiveCfg = Debug|Any CPU
		{EC239684-3711-4570-B872-C5FF2138B39B}.Debug|Any CPU.Build.0 = Debug|Any CPU
		{EC239684-3711-4570-B872-C5FF2138B39B}.Release|Any CPU.ActiveCfg = Release|Any CPU
		{EC239684-3711-4570-B872-C5FF2138B39B}.Release|Any CPU.Build.0 = Release|Any CPU
		{460AE439-1BFF-4E83-B699-538866EA00E7}.Debug|Any CPU.ActiveCfg = Debug|Any CPU
		{460AE439-1BFF-4E83-B699-538866EA00E7}.Debug|Any CPU.Build.0 = Debug|Any CPU
		{460AE439-1BFF-4E83-B699-538866EA00E7}.Release|Any CPU.ActiveCfg = Release|Any CPU
		{460AE439-1BFF-4E83-B699-538866EA00E7}.Release|Any CPU.Build.0 = Release|Any CPU
		{84245648-2156-4522-8D5B-D201B8CC1071}.Debug|Any CPU.ActiveCfg = Debug|Any CPU
		{84245648-2156-4522-8D5B-D201B8CC1071}.Debug|Any CPU.Build.0 = Debug|Any CPU
		{84245648-2156-4522-8D5B-D201B8CC1071}.Release|Any CPU.ActiveCfg = Release|Any CPU
		{84245648-2156-4522-8D5B-D201B8CC1071}.Release|Any CPU.Build.0 = Release|Any CPU
		{8BA6CFD0-9699-4FFE-A3AE-E9D34132A6FF}.Debug|Any CPU.ActiveCfg = Debug|Any CPU
		{8BA6CFD0-9699-4FFE-A3AE-E9D34132A6FF}.Debug|Any CPU.Build.0 = Debug|Any CPU
		{8BA6CFD0-9699-4FFE-A3AE-E9D34132A6FF}.Release|Any CPU.ActiveCfg = Release|Any CPU
		{8BA6CFD0-9699-4FFE-A3AE-E9D34132A6FF}.Release|Any CPU.Build.0 = Release|Any CPU
		{BB6FC07A-5F1E-487F-BA5D-8E6CCD925003}.Debug|Any CPU.ActiveCfg = Debug|Any CPU
		{BB6FC07A-5F1E-487F-BA5D-8E6CCD925003}.Debug|Any CPU.Build.0 = Debug|Any CPU
		{BB6FC07A-5F1E-487F-BA5D-8E6CCD925003}.Release|Any CPU.ActiveCfg = Release|Any CPU
		{BB6FC07A-5F1E-487F-BA5D-8E6CCD925003}.Release|Any CPU.Build.0 = Release|Any CPU
		{87DA83EA-C5CC-4ADF-8988-F8B8C475CC63}.Debug|Any CPU.ActiveCfg = Debug|Any CPU
		{87DA83EA-C5CC-4ADF-8988-F8B8C475CC63}.Debug|Any CPU.Build.0 = Debug|Any CPU
		{87DA83EA-C5CC-4ADF-8988-F8B8C475CC63}.Release|Any CPU.ActiveCfg = Release|Any CPU
		{87DA83EA-C5CC-4ADF-8988-F8B8C475CC63}.Release|Any CPU.Build.0 = Release|Any CPU
		{E0259ADB-E8E2-4BC9-87CD-BC6815C9F0B4}.Debug|Any CPU.ActiveCfg = Debug|Any CPU
		{E0259ADB-E8E2-4BC9-87CD-BC6815C9F0B4}.Debug|Any CPU.Build.0 = Debug|Any CPU
		{E0259ADB-E8E2-4BC9-87CD-BC6815C9F0B4}.Release|Any CPU.ActiveCfg = Release|Any CPU
		{E0259ADB-E8E2-4BC9-87CD-BC6815C9F0B4}.Release|Any CPU.Build.0 = Release|Any CPU
		{28334B2F-C20F-41D0-B768-3D9011C6B413}.Debug|Any CPU.ActiveCfg = Debug|Any CPU
		{28334B2F-C20F-41D0-B768-3D9011C6B413}.Debug|Any CPU.Build.0 = Debug|Any CPU
		{28334B2F-C20F-41D0-B768-3D9011C6B413}.Release|Any CPU.ActiveCfg = Release|Any CPU
		{28334B2F-C20F-41D0-B768-3D9011C6B413}.Release|Any CPU.Build.0 = Release|Any CPU
	EndGlobalSection
	GlobalSection(SolutionProperties) = preSolution
		HideSolutionNode = FALSE
	EndGlobalSection
EndGlobal
